<?xml version="1.0" encoding="utf-8"?>
<Project ToolsVersion="4.0" xmlns="http://schemas.microsoft.com/developer/msbuild/2003">
  <ItemGroup>
    <Filter Include="Generated Files">
      <UniqueIdentifier>{71ED8ED8-ACB9-4CE9-BBE1-E00B30144E11}</UniqueIdentifier>
      <Extensions>cpp;c;cxx;moc;h;def;odl;idl;res;</Extensions>
    </Filter>
    <Filter Include="Generated Files">
      <UniqueIdentifier>{71ED8ED8-ACB9-4CE9-BBE1-E00B30144E11}</UniqueIdentifier>
      <Extensions>cpp;c;cxx;moc;h;def;odl;idl;res;</Extensions>
    </Filter>
    <Filter Include="Header Files">
      <UniqueIdentifier>{93995380-89BD-4b04-88EB-625FBE52EBFB}</UniqueIdentifier>
      <Extensions>h;hpp;hxx;hm;inl;inc;xsd</Extensions>
    </Filter>
    <Filter Include="Header Files">
      <UniqueIdentifier>{93995380-89BD-4b04-88EB-625FBE52EBFB}</UniqueIdentifier>
      <Extensions>h;hpp;hxx;hm;inl;inc;xsd</Extensions>
    </Filter>
    <Filter Include="Source Files">
      <UniqueIdentifier>{4FC737F1-C7A5-4376-A066-2A32D752A2FF}</UniqueIdentifier>
      <Extensions>cpp;c;cxx;def;odl;idl;hpj;bat;asm;asmx</Extensions>
    </Filter>
    <Filter Include="Source Files">
      <UniqueIdentifier>{4FC737F1-C7A5-4376-A066-2A32D752A2FF}</UniqueIdentifier>
      <Extensions>cpp;c;cxx;def;odl;idl;hpj;bat;asm;asmx</Extensions>
    </Filter>
    <Filter Include="Generated Files\Debug">
      <UniqueIdentifier>{dd5acf73-3342-450c-af91-6cc0b37d9fd5}</UniqueIdentifier>
      <Extensions>cpp;moc</Extensions>
      <SourceControlFiles>False</SourceControlFiles>
    </Filter>
    <Filter Include="Generated Files\Release">
      <UniqueIdentifier>{4391768d-6dff-47b3-b89e-593072ba484d}</UniqueIdentifier>
      <Extensions>cpp;moc</Extensions>
      <SourceControlFiles>False</SourceControlFiles>
    </Filter>
  </ItemGroup>
  <ItemGroup>
    <ClCompile Include="src\main.cpp">
      <Filter>Source Files</Filter>
    </ClCompile>
    <ClCompile Include="src\mainwindow.cpp">
      <Filter>Source Files</Filter>
    </ClCompile>
    <ClCompile Include="GeneratedFiles\Debug\moc_mainwindow.cpp">
      <Filter>Generated Files\Debug</Filter>
    </ClCompile>
    <ClCompile Include="GeneratedFiles\Release\moc_mainwindow.cpp">
      <Filter>Generated Files\Release</Filter>
    </ClCompile>
    <ClCompile Include="src\PlayerFrame.cpp">
      <Filter>Source Files</Filter>
    </ClCompile>
    <ClCompile Include="lib\cpr\cpr\auth.cpp">
      <Filter>Generated Files</Filter>
    </ClCompile>
    <ClCompile Include="lib\cpr\cpr\cookies.cpp">
      <Filter>Generated Files</Filter>
    </ClCompile>
    <ClCompile Include="lib\cpr\cpr\cprtypes.cpp">
      <Filter>Generated Files</Filter>
    </ClCompile>
    <ClCompile Include="lib\cpr\cpr\digest.cpp">
      <Filter>Generated Files</Filter>
    </ClCompile>
    <ClCompile Include="lib\cpr\cpr\error.cpp">
      <Filter>Generated Files</Filter>
    </ClCompile>
    <ClCompile Include="lib\cpr\cpr\multipart.cpp">
      <Filter>Generated Files</Filter>
    </ClCompile>
    <ClCompile Include="lib\cpr\cpr\parameters.cpp">
      <Filter>Generated Files</Filter>
    </ClCompile>
    <ClCompile Include="lib\cpr\cpr\payload.cpp">
      <Filter>Generated Files</Filter>
    </ClCompile>
    <ClCompile Include="lib\cpr\cpr\proxies.cpp">
      <Filter>Generated Files</Filter>
    </ClCompile>
    <ClCompile Include="lib\cpr\cpr\session.cpp">
      <Filter>Generated Files</Filter>
    </ClCompile>
    <ClCompile Include="lib\cpr\cpr\util.cpp">
      <Filter>Generated Files</Filter>
    </ClCompile>
    <ClCompile Include="src\AniListParser.cpp">
      <Filter>Generated Files</Filter>
    </ClCompile>
    <ClCompile Include="src\ChallongeParser.cpp">
      <Filter>Generated Files</Filter>
    </ClCompile>
    <ClCompile Include="src\PlayerDatabase.cpp">
      <Filter>Generated Files</Filter>
    </ClCompile>
    <ClCompile Include="src\Player.cpp">
      <Filter>Generated Files</Filter>
    </ClCompile>
  </ItemGroup>
  <ItemGroup>
    <CustomBuild Include="src\mainwindow.h">
      <Filter>Header Files</Filter>
    </CustomBuild>
  </ItemGroup>
  <ItemGroup>
    <ClInclude Include="src\PlayerFrame.h">
      <Filter>Header Files</Filter>
    </ClInclude>
    <ClInclude Include="lib\libcurl\include\curl\curl.h">
      <Filter>Generated Files</Filter>
    </ClInclude>
    <ClInclude Include="lib\libcurl\include\curl\curlbuild.h">
      <Filter>Generated Files</Filter>
    </ClInclude>
    <ClInclude Include="lib\libcurl\include\curl\curlrules.h">
      <Filter>Generated Files</Filter>
    </ClInclude>
    <ClInclude Include="lib\libcurl\include\curl\curlver.h">
      <Filter>Generated Files</Filter>
    </ClInclude>
    <ClInclude Include="lib\libcurl\include\curl\easy.h">
      <Filter>Generated Files</Filter>
    </ClInclude>
    <ClInclude Include="lib\libcurl\include\curl\mprintf.h">
      <Filter>Generated Files</Filter>
    </ClInclude>
    <ClInclude Include="lib\libcurl\include\curl\multi.h">
      <Filter>Generated Files</Filter>
    </ClInclude>
    <ClInclude Include="lib\libcurl\include\curl\stdcheaders.h">
      <Filter>Generated Files</Filter>
    </ClInclude>
    <ClInclude Include="lib\libcurl\include\curl\typecheck-gcc.h">
      <Filter>Generated Files</Filter>
    </ClInclude>
    <ClInclude Include="lib\json\json.hpp">
      <Filter>Header Files</Filter>
    </ClInclude>
    <ClInclude Include="src\AniListParser.h">
      <Filter>Generated Files</Filter>
    </ClInclude>
    <ClInclude Include="src\ChallongeParser.h">
      <Filter>Generated Files</Filter>
    </ClInclude>
    <ClInclude Include="src\PlayerDatabase.h">
      <Filter>Generated Files</Filter>
    </ClInclude>
    <ClInclude Include="src\Player.h">
      <Filter>Generated Files</Filter>
    </ClInclude>
  </ItemGroup>
</Project>